
Microsoft Visual Studio Solution File, Format Version 12.00
# Visual Studio Version 16
VisualStudioVersion = 16.0.30413.136
MinimumVisualStudioVersion = 10.0.40219.1
Project("{FAE04EC0-301F-11D3-BF4B-00C04F79EFBC}") = "Front-End", "Front-End.csproj", "{0F0E1799-4D17-435A-B388-F8256B2D7B9C}"
EndProject
Project("{FAE04EC0-301F-11D3-BF4B-00C04F79EFBC}") = "DataAccesss", "..\DataAccesss\DataAccesss.csproj", "{47C814AE-B0FC-4E8D-8B5F-BF2CA8054E12}"
EndProject
Project("{FAE04EC0-301F-11D3-BF4B-00C04F79EFBC}") = "Database", "..\Database\Database.csproj", "{824C9F93-FF9B-4DAE-B5E9-1EE7218645F0}"
EndProject
Global
	GlobalSection(SolutionConfigurationPlatforms) = preSolution
		Debug|Any CPU = Debug|Any CPU
		Release|Any CPU = Release|Any CPU
	EndGlobalSection
	GlobalSection(ProjectConfigurationPlatforms) = postSolution
		{0F0E1799-4D17-435A-B388-F8256B2D7B9C}.Debug|Any CPU.ActiveCfg = Debug|Any CPU
		{0F0E1799-4D17-435A-B388-F8256B2D7B9C}.Debug|Any CPU.Build.0 = Debug|Any CPU
		{0F0E1799-4D17-435A-B388-F8256B2D7B9C}.Release|Any CPU.ActiveCfg = Release|Any CPU
		{0F0E1799-4D17-435A-B388-F8256B2D7B9C}.Release|Any CPU.Build.0 = Release|Any CPU
		{47C814AE-B0FC-4E8D-8B5F-BF2CA8054E12}.Debug|Any CPU.ActiveCfg = Debug|Any CPU
		{47C814AE-B0FC-4E8D-8B5F-BF2CA8054E12}.Debug|Any CPU.Build.0 = Debug|Any CPU
		{47C814AE-B0FC-4E8D-8B5F-BF2CA8054E12}.Release|Any CPU.ActiveCfg = Release|Any CPU
		{47C814AE-B0FC-4E8D-8B5F-BF2CA8054E12}.Release|Any CPU.Build.0 = Release|Any CPU
		{824C9F93-FF9B-4DAE-B5E9-1EE7218645F0}.Debug|Any CPU.ActiveCfg = Debug|Any CPU
		{824C9F93-FF9B-4DAE-B5E9-1EE7218645F0}.Debug|Any CPU.Build.0 = Debug|Any CPU
		{824C9F93-FF9B-4DAE-B5E9-1EE7218645F0}.Release|Any CPU.ActiveCfg = Release|Any CPU
		{824C9F93-FF9B-4DAE-B5E9-1EE7218645F0}.Release|Any CPU.Build.0 = Release|Any CPU
	EndGlobalSection
	GlobalSection(SolutionProperties) = preSolution
		HideSolutionNode = FALSE
	EndGlobalSection
	GlobalSection(ExtensibilityGlobals) = postSolution
		SolutionGuid = {4DD0E179-D404-492E-896A-DD11823041EF}
	EndGlobalSection
EndGlobal
